
Microsoft Visual Studio Solution File, Format Version 12.00
# Visual Studio Version 17
VisualStudioVersion = 17.8.34408.163
MinimumVisualStudioVersion = 10.0.40219.1
Project("{FAE04EC0-301F-11D3-BF4B-00C04F79EFBC}") = "Terulet", "Terulet.csproj", "{297D7F5E-A193-465F-8FE3-295C5BC44AA5}"
EndProject
Global
	GlobalSection(SolutionConfigurationPlatforms) = preSolution
		Debug|Any CPU = Debug|Any CPU
		Release|Any CPU = Release|Any CPU
	EndGlobalSection
	GlobalSection(ProjectConfigurationPlatforms) = postSolution
		{297D7F5E-A193-465F-8FE3-295C5BC44AA5}.Debug|Any CPU.ActiveCfg = Debug|Any CPU
		{297D7F5E-A193-465F-8FE3-295C5BC44AA5}.Debug|Any CPU.Build.0 = Debug|Any CPU
		{297D7F5E-A193-465F-8FE3-295C5BC44AA5}.Release|Any CPU.ActiveCfg = Release|Any CPU
		{297D7F5E-A193-465F-8FE3-295C5BC44AA5}.Release|Any CPU.Build.0 = Release|Any CPU
	EndGlobalSection
	GlobalSection(SolutionProperties) = preSolution
		HideSolutionNode = FALSE
	EndGlobalSection
	GlobalSection(ExtensibilityGlobals) = postSolution
		SolutionGuid = {D4490351-8BF8-4D6D-820F-605C843C14DC}
	EndGlobalSection
EndGlobal
